
Microsoft Visual Studio Solution File, Format Version 12.00
# Visual Studio Version 17
VisualStudioVersion = 17.4.33110.190
MinimumVisualStudioVersion = 10.0.40219.1
Project("{FAE04EC0-301F-11D3-BF4B-00C04F79EFBC}") = "DayzServer", "DayzServer\DayzServer.csproj", "{AC7BE5A3-56C5-4F83-A286-43D107ABFCCA}"
EndProject
Global
	GlobalSection(SolutionConfigurationPlatforms) = preSolution
		Debug|Any CPU = Debug|Any CPU
		Release|Any CPU = Release|Any CPU
	EndGlobalSection
	GlobalSection(ProjectConfigurationPlatforms) = postSolution
		{AC7BE5A3-56C5-4F83-A286-43D107ABFCCA}.Debug|Any CPU.ActiveCfg = Debug|Any CPU
		{AC7BE5A3-56C5-4F83-A286-43D107ABFCCA}.Debug|Any CPU.Build.0 = Debug|Any CPU
		{AC7BE5A3-56C5-4F83-A286-43D107ABFCCA}.Release|Any CPU.ActiveCfg = Release|Any CPU
		{AC7BE5A3-56C5-4F83-A286-43D107ABFCCA}.Release|Any CPU.Build.0 = Release|Any CPU
	EndGlobalSection
	GlobalSection(SolutionProperties) = preSolution
		HideSolutionNode = FALSE
	EndGlobalSection
	GlobalSection(ExtensibilityGlobals) = postSolution
		SolutionGuid = {C0CB9BC8-C907-4016-8DD4-5CA73DFC5EB6}
	EndGlobalSection
EndGlobal
